
Microsoft Visual Studio Solution File, Format Version 12.00
# Visual Studio Version 16
VisualStudioVersion = 16.0.31112.23
MinimumVisualStudioVersion = 15.0.26124.0
Project("{9A19103F-16F7-4668-BE54-9A1E7A4F7556}") = "WebApi", "API\WebApi\WebApi.csproj", "{DD77AC12-5A98-4B8D-9BFC-2BABE9C25EEC}"
EndProject
Project("{9A19103F-16F7-4668-BE54-9A1E7A4F7556}") = "PC App", "PC App\PC App.csproj", "{581E8BDB-21D9-42D0-9B92-FD792BFC5818}"
EndProject
Project("{9A19103F-16F7-4668-BE54-9A1E7A4F7556}") = "CommonModels", "Models\CommonModels.csproj", "{DEDDD279-5B17-43C6-8105-4C613062C544}"
EndProject
Project("{9A19103F-16F7-4668-BE54-9A1E7A4F7556}") = "Services", "Services\Services.csproj", "{F0D25022-2171-4A6B-B5F7-AFA17BF93EA0}"
EndProject
Project("{9A19103F-16F7-4668-BE54-9A1E7A4F7556}") = "ApiModels", "ApiModels\ApiModels.csproj", "{C7DAF87F-8572-490F-9EE4-EDCCDCB192DA}"
EndProject
Project("{9A19103F-16F7-4668-BE54-9A1E7A4F7556}") = "TempLibrary", "TempLibrary\TempLibrary.csproj", "{EAFF9620-E9F7-41F2-917E-50A09866B30B}"
EndProject
Project("{9A19103F-16F7-4668-BE54-9A1E7A4F7556}") = "Database", "Database\Database.csproj", "{4062D88F-1C37-4C68-910E-6128F2E37600}"
EndProject
Project("{9A19103F-16F7-4668-BE54-9A1E7A4F7556}") = "ApiTest", "ApiTest\ApiTest.csproj", "{6F402BD4-015E-4B7C-B5C3-0FF062C22FA5}"
EndProject
Project("{FAE04EC0-301F-11D3-BF4B-00C04F79EFBC}") = "Pc App Background", "Pc App Background\Pc App Background.csproj", "{5EBB0CFA-169D-4AC1-91B6-2277760090E2}"
EndProject
Global
	GlobalSection(SolutionConfigurationPlatforms) = preSolution
		Debug|Any CPU = Debug|Any CPU
		Debug|x64 = Debug|x64
		Debug|x86 = Debug|x86
		Release|Any CPU = Release|Any CPU
		Release|x64 = Release|x64
		Release|x86 = Release|x86
	EndGlobalSection
	GlobalSection(ProjectConfigurationPlatforms) = postSolution
		{DD77AC12-5A98-4B8D-9BFC-2BABE9C25EEC}.Debug|Any CPU.ActiveCfg = Debug|Any CPU
		{DD77AC12-5A98-4B8D-9BFC-2BABE9C25EEC}.Debug|Any CPU.Build.0 = Debug|Any CPU
		{DD77AC12-5A98-4B8D-9BFC-2BABE9C25EEC}.Debug|x64.ActiveCfg = Debug|Any CPU
		{DD77AC12-5A98-4B8D-9BFC-2BABE9C25EEC}.Debug|x64.Build.0 = Debug|Any CPU
		{DD77AC12-5A98-4B8D-9BFC-2BABE9C25EEC}.Debug|x86.ActiveCfg = Debug|Any CPU
		{DD77AC12-5A98-4B8D-9BFC-2BABE9C25EEC}.Debug|x86.Build.0 = Debug|Any CPU
		{DD77AC12-5A98-4B8D-9BFC-2BABE9C25EEC}.Release|Any CPU.ActiveCfg = Release|Any CPU
		{DD77AC12-5A98-4B8D-9BFC-2BABE9C25EEC}.Release|Any CPU.Build.0 = Release|Any CPU
		{DD77AC12-5A98-4B8D-9BFC-2BABE9C25EEC}.Release|x64.ActiveCfg = Release|Any CPU
		{DD77AC12-5A98-4B8D-9BFC-2BABE9C25EEC}.Release|x64.Build.0 = Release|Any CPU
		{DD77AC12-5A98-4B8D-9BFC-2BABE9C25EEC}.Release|x86.ActiveCfg = Release|Any CPU
		{DD77AC12-5A98-4B8D-9BFC-2BABE9C25EEC}.Release|x86.Build.0 = Release|Any CPU
		{581E8BDB-21D9-42D0-9B92-FD792BFC5818}.Debug|Any CPU.ActiveCfg = Debug|Any CPU
		{581E8BDB-21D9-42D0-9B92-FD792BFC5818}.Debug|Any CPU.Build.0 = Debug|Any CPU
		{581E8BDB-21D9-42D0-9B92-FD792BFC5818}.Debug|x64.ActiveCfg = Debug|Any CPU
		{581E8BDB-21D9-42D0-9B92-FD792BFC5818}.Debug|x64.Build.0 = Debug|Any CPU
		{581E8BDB-21D9-42D0-9B92-FD792BFC5818}.Debug|x86.ActiveCfg = Debug|Any CPU
		{581E8BDB-21D9-42D0-9B92-FD792BFC5818}.Debug|x86.Build.0 = Debug|Any CPU
		{581E8BDB-21D9-42D0-9B92-FD792BFC5818}.Release|Any CPU.ActiveCfg = Release|Any CPU
		{581E8BDB-21D9-42D0-9B92-FD792BFC5818}.Release|Any CPU.Build.0 = Release|Any CPU
		{581E8BDB-21D9-42D0-9B92-FD792BFC5818}.Release|x64.ActiveCfg = Release|Any CPU
		{581E8BDB-21D9-42D0-9B92-FD792BFC5818}.Release|x64.Build.0 = Release|Any CPU
		{581E8BDB-21D9-42D0-9B92-FD792BFC5818}.Release|x86.ActiveCfg = Release|Any CPU
		{581E8BDB-21D9-42D0-9B92-FD792BFC5818}.Release|x86.Build.0 = Release|Any CPU
		{DEDDD279-5B17-43C6-8105-4C613062C544}.Debug|Any CPU.ActiveCfg = Debug|Any CPU
		{DEDDD279-5B17-43C6-8105-4C613062C544}.Debug|Any CPU.Build.0 = Debug|Any CPU
		{DEDDD279-5B17-43C6-8105-4C613062C544}.Debug|x64.ActiveCfg = Debug|Any CPU
		{DEDDD279-5B17-43C6-8105-4C613062C544}.Debug|x64.Build.0 = Debug|Any CPU
		{DEDDD279-5B17-43C6-8105-4C613062C544}.Debug|x86.ActiveCfg = Debug|Any CPU
		{DEDDD279-5B17-43C6-8105-4C613062C544}.Debug|x86.Build.0 = Debug|Any CPU
		{DEDDD279-5B17-43C6-8105-4C613062C544}.Release|Any CPU.ActiveCfg = Release|Any CPU
		{DEDDD279-5B17-43C6-8105-4C613062C544}.Release|Any CPU.Build.0 = Release|Any CPU
		{DEDDD279-5B17-43C6-8105-4C613062C544}.Release|x64.ActiveCfg = Release|Any CPU
		{DEDDD279-5B17-43C6-8105-4C613062C544}.Release|x64.Build.0 = Release|Any CPU
		{DEDDD279-5B17-43C6-8105-4C613062C544}.Release|x86.ActiveCfg = Release|Any CPU
		{DEDDD279-5B17-43C6-8105-4C613062C544}.Release|x86.Build.0 = Release|Any CPU
		{F0D25022-2171-4A6B-B5F7-AFA17BF93EA0}.Debug|Any CPU.ActiveCfg = Debug|Any CPU
		{F0D25022-2171-4A6B-B5F7-AFA17BF93EA0}.Debug|Any CPU.Build.0 = Debug|Any CPU
		{F0D25022-2171-4A6B-B5F7-AFA17BF93EA0}.Debug|x64.ActiveCfg = Debug|Any CPU
		{F0D25022-2171-4A6B-B5F7-AFA17BF93EA0}.Debug|x64.Build.0 = Debug|Any CPU
		{F0D25022-2171-4A6B-B5F7-AFA17BF93EA0}.Debug|x86.ActiveCfg = Debug|Any CPU
		{F0D25022-2171-4A6B-B5F7-AFA17BF93EA0}.Debug|x86.Build.0 = Debug|Any CPU
		{F0D25022-2171-4A6B-B5F7-AFA17BF93EA0}.Release|Any CPU.ActiveCfg = Release|Any CPU
		{F0D25022-2171-4A6B-B5F7-AFA17BF93EA0}.Release|Any CPU.Build.0 = Release|Any CPU
		{F0D25022-2171-4A6B-B5F7-AFA17BF93EA0}.Release|x64.ActiveCfg = Release|Any CPU
		{F0D25022-2171-4A6B-B5F7-AFA17BF93EA0}.Release|x64.Build.0 = Release|Any CPU
		{F0D25022-2171-4A6B-B5F7-AFA17BF93EA0}.Release|x86.ActiveCfg = Release|Any CPU
		{F0D25022-2171-4A6B-B5F7-AFA17BF93EA0}.Release|x86.Build.0 = Release|Any CPU
		{C7DAF87F-8572-490F-9EE4-EDCCDCB192DA}.Debug|Any CPU.ActiveCfg = Debug|Any CPU
		{C7DAF87F-8572-490F-9EE4-EDCCDCB192DA}.Debug|Any CPU.Build.0 = Debug|Any CPU
		{C7DAF87F-8572-490F-9EE4-EDCCDCB192DA}.Debug|x64.ActiveCfg = Debug|Any CPU
		{C7DAF87F-8572-490F-9EE4-EDCCDCB192DA}.Debug|x64.Build.0 = Debug|Any CPU
		{C7DAF87F-8572-490F-9EE4-EDCCDCB192DA}.Debug|x86.ActiveCfg = Debug|Any CPU
		{C7DAF87F-8572-490F-9EE4-EDCCDCB192DA}.Debug|x86.Build.0 = Debug|Any CPU
		{C7DAF87F-8572-490F-9EE4-EDCCDCB192DA}.Release|Any CPU.ActiveCfg = Release|Any CPU
		{C7DAF87F-8572-490F-9EE4-EDCCDCB192DA}.Release|Any CPU.Build.0 = Release|Any CPU
		{C7DAF87F-8572-490F-9EE4-EDCCDCB192DA}.Release|x64.ActiveCfg = Release|Any CPU
		{C7DAF87F-8572-490F-9EE4-EDCCDCB192DA}.Release|x64.Build.0 = Release|Any CPU
		{C7DAF87F-8572-490F-9EE4-EDCCDCB192DA}.Release|x86.ActiveCfg = Release|Any CPU
		{C7DAF87F-8572-490F-9EE4-EDCCDCB192DA}.Release|x86.Build.0 = Release|Any CPU
		{EAFF9620-E9F7-41F2-917E-50A09866B30B}.Debug|Any CPU.ActiveCfg = Debug|Any CPU
		{EAFF9620-E9F7-41F2-917E-50A09866B30B}.Debug|Any CPU.Build.0 = Debug|Any CPU
		{EAFF9620-E9F7-41F2-917E-50A09866B30B}.Debug|x64.ActiveCfg = Debug|Any CPU
		{EAFF9620-E9F7-41F2-917E-50A09866B30B}.Debug|x64.Build.0 = Debug|Any CPU
		{EAFF9620-E9F7-41F2-917E-50A09866B30B}.Debug|x86.ActiveCfg = Debug|Any CPU
		{EAFF9620-E9F7-41F2-917E-50A09866B30B}.Debug|x86.Build.0 = Debug|Any CPU
		{EAFF9620-E9F7-41F2-917E-50A09866B30B}.Release|Any CPU.ActiveCfg = Release|Any CPU
		{EAFF9620-E9F7-41F2-917E-50A09866B30B}.Release|Any CPU.Build.0 = Release|Any CPU
		{EAFF9620-E9F7-41F2-917E-50A09866B30B}.Release|x64.ActiveCfg = Release|Any CPU
		{EAFF9620-E9F7-41F2-917E-50A09866B30B}.Release|x64.Build.0 = Release|Any CPU
		{EAFF9620-E9F7-41F2-917E-50A09866B30B}.Release|x86.ActiveCfg = Release|Any CPU
		{EAFF9620-E9F7-41F2-917E-50A09866B30B}.Release|x86.Build.0 = Release|Any CPU
		{4062D88F-1C37-4C68-910E-6128F2E37600}.Debug|Any CPU.ActiveCfg = Debug|Any CPU
		{4062D88F-1C37-4C68-910E-6128F2E37600}.Debug|Any CPU.Build.0 = Debug|Any CPU
		{4062D88F-1C37-4C68-910E-6128F2E37600}.Debug|x64.ActiveCfg = Debug|Any CPU
		{4062D88F-1C37-4C68-910E-6128F2E37600}.Debug|x64.Build.0 = Debug|Any CPU
		{4062D88F-1C37-4C68-910E-6128F2E37600}.Debug|x86.ActiveCfg = Debug|Any CPU
		{4062D88F-1C37-4C68-910E-6128F2E37600}.Debug|x86.Build.0 = Debug|Any CPU
		{4062D88F-1C37-4C68-910E-6128F2E37600}.Release|Any CPU.ActiveCfg = Release|Any CPU
		{4062D88F-1C37-4C68-910E-6128F2E37600}.Release|Any CPU.Build.0 = Release|Any CPU
		{4062D88F-1C37-4C68-910E-6128F2E37600}.Release|x64.ActiveCfg = Release|Any CPU
		{4062D88F-1C37-4C68-910E-6128F2E37600}.Release|x64.Build.0 = Release|Any CPU
		{4062D88F-1C37-4C68-910E-6128F2E37600}.Release|x86.ActiveCfg = Release|Any CPU
		{4062D88F-1C37-4C68-910E-6128F2E37600}.Release|x86.Build.0 = Release|Any CPU
		{6F402BD4-015E-4B7C-B5C3-0FF062C22FA5}.Debug|Any CPU.ActiveCfg = Debug|Any CPU
		{6F402BD4-015E-4B7C-B5C3-0FF062C22FA5}.Debug|Any CPU.Build.0 = Debug|Any CPU
		{6F402BD4-015E-4B7C-B5C3-0FF062C22FA5}.Debug|x64.ActiveCfg = Debug|Any CPU
		{6F402BD4-015E-4B7C-B5C3-0FF062C22FA5}.Debug|x64.Build.0 = Debug|Any CPU
		{6F402BD4-015E-4B7C-B5C3-0FF062C22FA5}.Debug|x86.ActiveCfg = Debug|Any CPU
		{6F402BD4-015E-4B7C-B5C3-0FF062C22FA5}.Debug|x86.Build.0 = Debug|Any CPU
		{6F402BD4-015E-4B7C-B5C3-0FF062C22FA5}.Release|Any CPU.ActiveCfg = Release|Any CPU
		{6F402BD4-015E-4B7C-B5C3-0FF062C22FA5}.Release|Any CPU.Build.0 = Release|Any CPU
		{6F402BD4-015E-4B7C-B5C3-0FF062C22FA5}.Release|x64.ActiveCfg = Release|Any CPU
		{6F402BD4-015E-4B7C-B5C3-0FF062C22FA5}.Release|x64.Build.0 = Release|Any CPU
		{6F402BD4-015E-4B7C-B5C3-0FF062C22FA5}.Release|x86.ActiveCfg = Release|Any CPU
		{6F402BD4-015E-4B7C-B5C3-0FF062C22FA5}.Release|x86.Build.0 = Release|Any CPU
		{5EBB0CFA-169D-4AC1-91B6-2277760090E2}.Debug|Any CPU.ActiveCfg = Debug|Any CPU
		{5EBB0CFA-169D-4AC1-91B6-2277760090E2}.Debug|Any CPU.Build.0 = Debug|Any CPU
		{5EBB0CFA-169D-4AC1-91B6-2277760090E2}.Debug|x64.ActiveCfg = Debug|Any CPU
		{5EBB0CFA-169D-4AC1-91B6-2277760090E2}.Debug|x64.Build.0 = Debug|Any CPU
		{5EBB0CFA-169D-4AC1-91B6-2277760090E2}.Debug|x86.ActiveCfg = Debug|Any CPU
		{5EBB0CFA-169D-4AC1-91B6-2277760090E2}.Debug|x86.Build.0 = Debug|Any CPU
		{5EBB0CFA-169D-4AC1-91B6-2277760090E2}.Release|Any CPU.ActiveCfg = Release|Any CPU
		{5EBB0CFA-169D-4AC1-91B6-2277760090E2}.Release|Any CPU.Build.0 = Release|Any CPU
		{5EBB0CFA-169D-4AC1-91B6-2277760090E2}.Release|x64.ActiveCfg = Release|Any CPU
		{5EBB0CFA-169D-4AC1-91B6-2277760090E2}.Release|x64.Build.0 = Release|Any CPU
		{5EBB0CFA-169D-4AC1-91B6-2277760090E2}.Release|x86.ActiveCfg = Release|Any CPU
		{5EBB0CFA-169D-4AC1-91B6-2277760090E2}.Release|x86.Build.0 = Release|Any CPU
	EndGlobalSection
	GlobalSection(SolutionProperties) = preSolution
		HideSolutionNode = FALSE
	EndGlobalSection
	GlobalSection(ExtensibilityGlobals) = postSolution
		SolutionGuid = {4FBDD77D-22C3-45F7-873E-6B157686F717}
	EndGlobalSection
EndGlobal
